[[package]]
category = "main"
description = "Composable command line interface toolkit"
name = "click"
optional = false
python-versions = ">=2.7, !=3.0.*, !=3.1.*, !=3.2.*, !=3.3.*"
version = "7.0"

[[package]]
category = "main"
description = "A simple framework for building complex web applications."
name = "flask"
optional = false
python-versions = ">=2.7, !=3.0.*, !=3.1.*, !=3.2.*, !=3.3.*, !=3.4.*"
version = "1.1.1"

[package.dependencies]
Jinja2 = ">=2.10.1"
Werkzeug = ">=0.15"
click = ">=5.1"
itsdangerous = ">=0.24"

[[package]]
category = "main"
description = "Various helpers to pass data to untrusted environments and back."
name = "itsdangerous"
optional = false
python-versions = ">=2.7, !=3.0.*, !=3.1.*, !=3.2.*, !=3.3.*"
version = "1.1.0"

[[package]]
category = "main"
description = "A very fast and expressive template engine."
name = "jinja2"
optional = false
python-versions = "*"
version = "2.10.3"

[package.dependencies]
MarkupSafe = ">=0.23"

[[package]]
category = "main"
description = "Safely add untrusted strings to HTML/XML markup."
name = "markupsafe"
optional = false
python-versions = ">=2.7,!=3.0.*,!=3.1.*,!=3.2.*,!=3.3.*"
version = "1.1.1"

[[package]]
category = "main"
description = "NumPy is the fundamental package for array computing with Python."
name = "numpy"
optional = false
python-versions = ">=3.5"
version = "1.18.0"

[[package]]
category = "main"
description = "Wrapper package for OpenCV python bindings."
name = "opencv-python"
optional = false
python-versions = "*"
version = "4.1.2.30"

[package.dependencies]
numpy = ">=1.11.1"

[[package]]
category = "main"
description = "The comprehensive WSGI web application library."
name = "werkzeug"
optional = false
python-versions = ">=2.7, !=3.0.*, !=3.1.*, !=3.2.*, !=3.3.*"
version = "0.16.0"

[metadata]
content-hash = "d4fdbd14f06311e1bd1f4d0dcd10c7a2b57fd42169e111e986c09e2f13315ca4"
python-versions = "^3.7"

[metadata.hashes]
click = ["2335065e6395b9e67ca716de5f7526736bfa6ceead690adf616d925bdc622b13", "5b94b49521f6456670fdb30cd82a4eca9412788a93fa6dd6df72c94d5a8ff2d7"]
flask = ["13f9f196f330c7c2c5d7a5cf91af894110ca0215ac051b5844701f2bfd934d52", "45eb5a6fd193d6cf7e0cf5d8a5b31f83d5faae0293695626f539a823e93b13f6"]
itsdangerous = ["321b033d07f2a4136d3ec762eac9f16a10ccd60f53c0c91af90217ace7ba1f19", "b12271b2047cb23eeb98c8b5622e2e5c5e9abd9784a153e9d8ef9cb4dd09d749"]
jinja2 = ["74320bb91f31270f9551d46522e33af46a80c3d619f4a4bf42b3164d30b5911f", "9fe95f19286cfefaa917656583d020be14e7859c6b0252588391e47db34527de"]
markupsafe = ["00bc623926325b26bb9605ae9eae8a215691f33cae5df11ca5424f06f2d1f473", "09027a7803a62ca78792ad89403b1b7a73a01c8cb65909cd876f7fcebd79b161", "09c4b7f37d6c648cb13f9230d847adf22f8171b1ccc4d5682398e77f40309235", "1027c282dad077d0bae18be6794e6b6b8c91d58ed8a8d89a89d59693b9131db5", "24982cc2533820871eba85ba648cd53d8623687ff11cbb805be4ff7b4c971aff", "29872e92839765e546828bb7754a68c418d927cd064fd4708fab9fe9c8bb116b", "43a55c2930bbc139570ac2452adf3d70cdbb3cfe5912c71cdce1c2c6bbd9c5d1", "46c99d2de99945ec5cb54f23c8cd5689f6d7177305ebff350a58ce5f8de1669e", "500d4957e52ddc3351cabf489e79c91c17f6e0899158447047588650b5e69183", "535f6fc4d397c1563d08b88e485c3496cf5784e927af890fb3c3aac7f933ec66", "62fe6c95e3ec8a7fad637b7f3d372c15ec1caa01ab47926cfdf7a75b40e0eac1", "6dd73240d2af64df90aa7c4e7481e23825ea70af4b4922f8ede5b9e35f78a3b1", "717ba8fe3ae9cc0006d7c451f0bb265ee07739daf76355d06366154ee68d221e", "79855e1c5b8da654cf486b830bd42c06e8780cea587384cf6545b7d9ac013a0b", "7c1699dfe0cf8ff607dbdcc1e9b9af1755371f92a68f706051cc8c37d447c905", "88e5fcfb52ee7b911e8bb6d6aa2fd21fbecc674eadd44118a9cc3863f938e735", "8defac2f2ccd6805ebf65f5eeb132adcf2ab57aa11fdf4c0dd5169a004710e7d", "98c7086708b163d425c67c7a91bad6e466bb99d797aa64f965e9d25c12111a5e", "9add70b36c5666a2ed02b43b335fe19002ee5235efd4b8a89bfcf9005bebac0d", "9bf40443012702a1d2070043cb6291650a0841ece432556f784f004937f0f32c", "ade5e387d2ad0d7ebf59146cc00c8044acbd863725f887353a10df825fc8ae21", "b00c1de48212e4cc9603895652c5c410df699856a2853135b3967591e4beebc2", "b1282f8c00509d99fef04d8ba936b156d419be841854fe901d8ae224c59f0be5", "b2051432115498d3562c084a49bba65d97cf251f5a331c64a12ee7e04dacc51b", "ba59edeaa2fc6114428f1637ffff42da1e311e29382d81b339c1817d37ec93c6", "c8716a48d94b06bb3b2524c2b77e055fb313aeb4ea620c8dd03a105574ba704f", "cd5df75523866410809ca100dc9681e301e3c27567cf498077e8551b6d20e42f", "e249096428b3ae81b08327a63a485ad0878de3fb939049038579ac0ef61e17e7"]
numpy = ["03bbde29ac8fba860bb2c53a1525b3604a9b60417855ac3119d89868ec6041c3", "1baefd1fb4695e7f2e305467dbd876d765e6edd30c522894df76f8301efaee36", "1c35fb1131362e6090d30286cfda52ddd42e69d3e2bf1fea190a0fad83ea3a18", "3c68c827689ca0ca713dba598335073ce0966850ec0b30715527dce4ecd84055", "443ab93fc35b31f01db8704681eb2fd82f3a1b2fa08eed2dd0e71f1f57423d4a", "56710a756c5009af9f35b91a22790701420406d9ac24cf6b652b0e22cfbbb7ff", "62506e9e4d2a39c87984f081a2651d4282a1d706b1a82fe9d50a559bb58e705a", "6f8113c8dbfc192b58996ee77333696469ea121d1c44ea429d8fd266e4c6be51", "712f0c32555132f4b641b918bdb1fd3c692909ae916a233ce7f50eac2de87e37", "854f6ed4fa91fa6da5d764558804ba5b0f43a51e5fe9fc4fdc93270b052f188a", "88c5ccbc4cadf39f32193a5ef22e3f84674418a9fd877c63322917ae8f295a56", "905cd6fa6ac14654a6a32b21fad34670e97881d832e24a3ca32e19b455edb4a8", "9d6de2ad782aae68f7ed0e0e616477fbf693d6d7cc5f0f1505833ff12f84a673", "a30f5c3e1b1b5d16ec1f03f4df28e08b8a7529d8c920bbed657f4fde61f1fbcd", "a9d72d9abaf65628f0f31bbb573b7d9304e43b1e6bbae43149c17737a42764c4", "ac3cf835c334fcc6b74dc4e630f9b5ff7b4c43f7fb2a7813208d95d4e10b5623", "b091e5d4cbbe79f0e8b6b6b522346e54a282eadb06e3fd761e9b6fafc2ca91ad", "cc070fc43a494e42732d6ae2f6621db040611c1dde64762a40c8418023af56d7", "e1080e37c090534adb2dd7ae1c59ee883e5d8c3e63d2a4d43c20ee348d0459c5", "f084d513de729ff10cd72a1f80db468cff464fedb1ef2fea030221a0f62d7ff4", "f6a7421da632fc01e8a3ecd19c3f7350258d82501a646747664bae9c6a87c731"]
opencv-python = ["04bec0a6d3a00360a7fb769b755ff4489a4ac8291821b785151f63e6d8bb59ea", "1a2d1801c038f055852bd2379186ca8b19b4ea24afb0b8410293bc802211579b", "1c7d235faef511aca7669f1aa650897b6c058dfde6412ea3fc58feb0fce78814", "22c2ee5f97f85903bfb28c056566b2ecaa1d2f804b880ab39ebf94528a402992", "25127990671dc8bd27ae8b880d7a39f9aae863052a8fbebe8977c6ce8e5fc0c9", "3cef82b6a1f748d2f4527f5932a86d54ebd10bd89f6cf59b003c36b1015055f7", "499a0413e7110a934ab56e635252a4c86f8be64de59f94a62318a7b895dc809e", "5f2cf5a0ab244a0a1dbe5ec426c277b55e06ac6a472ad61be77ef643a238cbd3", "5fec35916a6b9ce935f2e2806084303fd4e3fbb0c973a8db8f54b5aca54613cb", "6183c9c7fab4590e0651bc941cde780988c3ad9889bd62de19d581a6f59523ea", "67a236db8db84d7fb0f6e127f360ce6669350ef324839132e22879ec90588dab", "6c32d36f52a6e0c02d1ab0bb95223cb4dd5525a7e8292a747116126b3d34c578", "73a467a78ffd902d2c0265ab6b2e2cdda423d61b3d08685e0c7d0b4572142ff1", "76de8a247970d150b1672c6646cda91217d562682e713721fc9b9bf1434553c4", "919d5c3ec1a62258ba8c68b869b1056186e2355c4474739b199c295547e66cc1", "982d4e80c14356098cde57a6c7d18fe0928a1c3118675bac2252ef38f152e1ab", "9d025e6bf2989bcbc7744c26d8bd90c2629a92d8de3ba2416f62ce2a94615dd9", "bb59f98205cd81e29f45eed043cf0f98531486dc0b3f671c9e06fecf08f7ccef", "c8119248457e909dcd7b598621ed1d139419d69377e8cb4e2b2c49c819de287d", "ce7b1f25be04b04f2e678b2bf23a975137f77406dcee66a88a2daeb77cda3e76", "d64428bf59ab4d27620b00a2ad6fea2b4d62016a17849c82a7517ec12db97d55", "e2ffa3161b8662112f1880734e8b9549d0c9e818e59f652a9d1c5bf31e36586a", "e6fc00ac42c800fad5fb3927cfb9bf4e60bb3302cb9805f45b826d5d2546119a", "e793df2e12093b3a01006b5b27f321e306193c7a5c9e2a6c8bf652e1ad2d6a86", "eae543b3e9253ff702103333aabd87736b5ed5e46ab834d8e0b929f08f494dee", "f0af656402b73ead2d9f593c2774c04b01e2d0c63e4f99e0dc2f3fde99be22b4"]
werkzeug = ["7280924747b5733b246fe23972186c6b348f9ae29724135a6dfc1e53cea433e7", "e5f4a1f98b52b18a93da705a7458e55afb26f32bff83ff5d19189f92462d65c4"]
